// !$*UTF8*$!
{
	archiveVersion = 1;
	classes = {
	};
	objectVersion = 50;
	objects = {

/* Begin PBXBuildFile section */
		D1CCC5C72695F29A006C1EFE /* SignUpValidationCombineApp.swift in Sources */ = {isa = PBXBuildFile; fileRef = D1CCC5C62695F29A006C1EFE /* SignUpValidationCombineApp.swift */; };
		D1CCC5C92695F29A006C1EFE /* ContentView.swift in Sources */ = {isa = PBXBuildFile; fileRef = D1CCC5C82695F29A006C1EFE /* ContentView.swift */; };
		D1CCC5CB2695F29D006C1EFE /* Assets.xcassets in Resources */ = {isa = PBXBuildFile; fileRef = D1CCC5CA2695F29D006C1EFE /* Assets.xcassets */; };
		D1CCC5CE2695F29D006C1EFE /* Preview Assets.xcassets in Resources */ = {isa = PBXBuildFile; fileRef = D1CCC5CD2695F29D006C1EFE /* Preview Assets.xcassets */; };
		D1CCC5D92695F29D006C1EFE /* SignUpValidationCombineTests.swift in Sources */ = {isa = PBXBuildFile; fileRef = D1CCC5D82695F29D006C1EFE /* SignUpValidationCombineTests.swift */; };
		D1CCC5E42695F29D006C1EFE /* SignUpValidationCombineUITests.swift in Sources */ = {isa = PBXBuildFile; fileRef = D1CCC5E32695F29D006C1EFE /* SignUpValidationCombineUITests.swift */; };
/* End PBXBuildFile section */

/* Begin PBXContainerItemProxy section */
		D1CCC5D52695F29D006C1EFE /* PBXContainerItemProxy */ = {
			isa = PBXContainerItemProxy;
			containerPortal = D1CCC5BB2695F29A006C1EFE /* Project object */;
			proxyType = 1;
			remoteGlobalIDString = D1CCC5C22695F29A006C1EFE;
			remoteInfo = SignUpValidationCombine;
		};
		D1CCC5E02695F29D006C1EFE /* PBXContainerItemProxy */ = {
			isa = PBXContainerItemProxy;
			containerPortal = D1CCC5BB2695F29A006C1EFE /* Project object */;
			proxyType = 1;
			remoteGlobalIDString = D1CCC5C22695F29A006C1EFE;
			remoteInfo = SignUpValidationCombine;
		};
/* End PBXContainerItemProxy section */

/* Begin PBXFileReference section */
		D1CCC5C32695F29A006C1EFE /* SignUpValidationCombine.app */ = {isa = PBXFileReference; explicitFileType = wrapper.application; includeInIndex = 0; path = SignUpValidationCombine.app; sourceTree = BUILT_PRODUCTS_DIR; };
		D1CCC5C62695F29A006C1EFE /* SignUpValidationCombineApp.swift */ = {isa = PBXFileReference; lastKnownFileType = sourcecode.swift; path = SignUpValidationCombineApp.swift; sourceTree = "<group>"; };
		D1CCC5C82695F29A006C1EFE /* ContentView.swift */ = {isa = PBXFileReference; lastKnownFileType = sourcecode.swift; path = ContentView.swift; sourceTree = "<group>"; };
		D1CCC5CA2695F29D006C1EFE /* Assets.xcassets */ = {isa = PBXFileReference; lastKnownFileType = folder.assetcatalog; path = Assets.xcassets; sourceTree = "<group>"; };
		D1CCC5CD2695F29D006C1EFE /* Preview Assets.xcassets */ = {isa = PBXFileReference; lastKnownFileType = folder.assetcatalog; path = "Preview Assets.xcassets"; sourceTree = "<group>"; };
		D1CCC5CF2695F29D006C1EFE /* Info.plist */ = {isa = PBXFileReference; lastKnownFileType = text.plist.xml; path = Info.plist; sourceTree = "<group>"; };
		D1CCC5D42695F29D006C1EFE /* SignUpValidationCombineTests.xctest */ = {isa = PBXFileReference; explicitFileType = wrapper.cfbundle; includeInIndex = 0; path = SignUpValidationCombineTests.xctest; sourceTree = BUILT_PRODUCTS_DIR; };
		D1CCC5D82695F29D006C1EFE /* SignUpValidationCombineTests.swift */ = {isa = PBXFileReference; lastKnownFileType = sourcecode.swift; path = SignUpValidationCombineTests.swift; sourceTree = "<group>"; };
		D1CCC5DA2695F29D006C1EFE /* Info.plist */ = {isa = PBXFileReference; lastKnownFileType = text.plist.xml; path = Info.plist; sourceTree = "<group>"; };
		D1CCC5DF2695F29D006C1EFE /* SignUpValidationCombineUITests.xctest */ = {isa = PBXFileReference; explicitFileType = wrapper.cfbundle; includeInIndex = 0; path = SignUpValidationCombineUITests.xctest; sourceTree = BUILT_PRODUCTS_DIR; };
		D1CCC5E32695F29D006C1EFE /* SignUpValidationCombineUITests.swift */ = {isa = PBXFileReference; lastKnownFileType = sourcecode.swift; path = SignUpValidationCombineUITests.swift; sourceTree = "<group>"; };
		D1CCC5E52695F29D006C1EFE /* Info.plist */ = {isa = PBXFileReference; lastKnownFileType = text.plist.xml; path = Info.plist; sourceTree = "<group>"; };
/* End PBXFileReference section */

/* Begin PBXFrameworksBuildPhase section */
		D1CCC5C02695F29A006C1EFE /* Frameworks */ = {
			isa = PBXFrameworksBuildPhase;
			buildActionMask = 2147483647;
			files = (
			);
			runOnlyForDeploymentPostprocessing = 0;
		};
		D1CCC5D12695F29D006C1EFE /* Frameworks */ = {
			isa = PBXFrameworksBuildPhase;
			buildActionMask = 2147483647;
			files = (
			);
			runOnlyForDeploymentPostprocessing = 0;
		};
		D1CCC5DC2695F29D006C1EFE /* Frameworks */ = {
			isa = PBXFrameworksBuildPhase;
			buildActionMask = 2147483647;
			files = (
			);
			runOnlyForDeploymentPostprocessing = 0;
		};
/* End PBXFrameworksBuildPhase section */

/* Begin PBXGroup section */
		D1CCC5BA2695F29A006C1EFE = {
			isa = PBXGroup;
			children = (
				D1CCC5C52695F29A006C1EFE /* SignUpValidationCombine */,
				D1CCC5D72695F29D006C1EFE /* SignUpValidationCombineTests */,
				D1CCC5E22695F29D006C1EFE /* SignUpValidationCombineUITests */,
				D1CCC5C42695F29A006C1EFE /* Products */,
			);
			sourceTree = "<group>";
		};
		D1CCC5C42695F29A006C1EFE /* Products */ = {
			isa = PBXGroup;
			children = (
				D1CCC5C32695F29A006C1EFE /* SignUpValidationCombine.app */,
				D1CCC5D42695F29D006C1EFE /* SignUpValidationCombineTests.xctest */,
				D1CCC5DF2695F29D006C1EFE /* SignUpValidationCombineUITests.xctest */,
			);
			name = Products;
			sourceTree = "<group>";
		};
		D1CCC5C52695F29A006C1EFE /* SignUpValidationCombine */ = {
			isa = PBXGroup;
			children = (
				D1CCC5C62695F29A006C1EFE /* SignUpValidationCombineApp.swift */,
				D1CCC5C82695F29A006C1EFE /* ContentView.swift */,
				D1CCC5CA2695F29D006C1EFE /* Assets.xcassets */,
				D1CCC5CF2695F29D006C1EFE /* Info.plist */,
				D1CCC5CC2695F29D006C1EFE /* Preview Content */,
			);
			path = SignUpValidationCombine;
			sourceTree = "<group>";
		};
		D1CCC5CC2695F29D006C1EFE /* Preview Content */ = {
			isa = PBXGroup;
			children = (
				D1CCC5CD2695F29D006C1EFE /* Preview Assets.xcassets */,
			);
			path = "Preview Content";
			sourceTree = "<group>";
		};
		D1CCC5D72695F29D006C1EFE /* SignUpValidationCombineTests */ = {
			isa = PBXGroup;
			children = (
				D1CCC5D82695F29D006C1EFE /* SignUpValidationCombineTests.swift */,
				D1CCC5DA2695F29D006C1EFE /* Info.plist */,
			);
			path = SignUpValidationCombineTests;
			sourceTree = "<group>";
		};
		D1CCC5E22695F29D006C1EFE /* SignUpValidationCombineUITests */ = {
			isa = PBXGroup;
			children = (
				D1CCC5E32695F29D006C1EFE /* SignUpValidationCombineUITests.swift */,
				D1CCC5E52695F29D006C1EFE /* Info.plist */,
			);
			path = SignUpValidationCombineUITests;
			sourceTree = "<group>";
		};
/* End PBXGroup section */

/* Begin PBXNativeTarget section */
		D1CCC5C22695F29A006C1EFE /* SignUpValidationCombine */ = {
			isa = PBXNativeTarget;
			buildConfigurationList = D1CCC5E82695F29D006C1EFE /* Build configuration list for PBXNativeTarget "SignUpValidationCombine" */;
			buildPhases = (
				D1CCC5BF2695F29A006C1EFE /* Sources */,
				D1CCC5C02695F29A006C1EFE /* Frameworks */,
				D1CCC5C12695F29A006C1EFE /* Resources */,
			);
			buildRules = (
			);
			dependencies = (
			);
			name = SignUpValidationCombine;
			productName = SignUpValidationCombine;
			productReference = D1CCC5C32695F29A006C1EFE /* SignUpValidationCombine.app */;
			productType = "com.apple.product-type.application";
		};
		D1CCC5D32695F29D006C1EFE /* SignUpValidationCombineTests */ = {
			isa = PBXNativeTarget;
			buildConfigurationList = D1CCC5EB2695F29D006C1EFE /* Build configuration list for PBXNativeTarget "SignUpValidationCombineTests" */;
			buildPhases = (
				D1CCC5D02695F29D006C1EFE /* Sources */,
				D1CCC5D12695F29D006C1EFE /* Frameworks */,
				D1CCC5D22695F29D006C1EFE /* Resources */,
			);
			buildRules = (
			);
			dependencies = (
				D1CCC5D62695F29D006C1EFE /* PBXTargetDependency */,
			);
			name = SignUpValidationCombineTests;
			productName = SignUpValidationCombineTests;
			productReference = D1CCC5D42695F29D006C1EFE /* SignUpValidationCombineTests.xctest */;
			productType = "com.apple.product-type.bundle.unit-test";
		};
		D1CCC5DE2695F29D006C1EFE /* SignUpValidationCombineUITests */ = {
			isa = PBXNativeTarget;
			buildConfigurationList = D1CCC5EE2695F29D006C1EFE /* Build configuration list for PBXNativeTarget "SignUpValidationCombineUITests" */;
			buildPhases = (
				D1CCC5DB2695F29D006C1EFE /* Sources */,
				D1CCC5DC2695F29D006C1EFE /* Frameworks */,
				D1CCC5DD2695F29D006C1EFE /* Resources */,
			);
			buildRules = (
			);
			dependencies = (
				D1CCC5E12695F29D006C1EFE /* PBXTargetDependency */,
			);
			name = SignUpValidationCombineUITests;
			productName = SignUpValidationCombineUITests;
			productReference = D1CCC5DF2695F29D006C1EFE /* SignUpValidationCombineUITests.xctest */;
			productType = "com.apple.product-type.bundle.ui-testing";
		};
/* End PBXNativeTarget section */

/* Begin PBXProject section */
		D1CCC5BB2695F29A006C1EFE /* Project object */ = {
			isa = PBXProject;
			attributes = {
				LastSwiftUpdateCheck = 1250;
				LastUpgradeCheck = 1250;
				TargetAttributes = {
					D1CCC5C22695F29A006C1EFE = {
						CreatedOnToolsVersion = 12.5.1;
					};
					D1CCC5D32695F29D006C1EFE = {
						CreatedOnToolsVersion = 12.5.1;
						TestTargetID = D1CCC5C22695F29A006C1EFE;
					};
					D1CCC5DE2695F29D006C1EFE = {
						CreatedOnToolsVersion = 12.5.1;
						TestTargetID = D1CCC5C22695F29A006C1EFE;
					};
				};
			};
			buildConfigurationList = D1CCC5BE2695F29A006C1EFE /* Build configuration list for PBXProject "SignUpValidationCombine" */;
			compatibilityVersion = "Xcode 9.3";
			developmentRegion = en;
			hasScannedForEncodings = 0;
			knownRegions = (
				en,
				Base,
			);
			mainGroup = D1CCC5BA2695F29A006C1EFE;
			productRefGroup = D1CCC5C42695F29A006C1EFE /* Products */;
			projectDirPath = "";
			projectRoot = "";
			targets = (
				D1CCC5C22695F29A006C1EFE /* SignUpValidationCombine */,
				D1CCC5D32695F29D006C1EFE /* SignUpValidationCombineTests */,
				D1CCC5DE2695F29D006C1EFE /* SignUpValidationCombineUITests */,
			);
		};
/* End PBXProject section */

/* Begin PBXResourcesBuildPhase section */
		D1CCC5C12695F29A006C1EFE /* Resources */ = {
			isa = PBXResourcesBuildPhase;
			buildActionMask = 2147483647;
			files = (
				D1CCC5CE2695F29D006C1EFE /* Preview Assets.xcassets in Resources */,
				D1CCC5CB2695F29D006C1EFE /* Assets.xcassets in Resources */,
			);
			runOnlyForDeploymentPostprocessing = 0;
		};
		D1CCC5D22695F29D006C1EFE /* Resources */ = {
			isa = PBXResourcesBuildPhase;
			buildActionMask = 2147483647;
			files = (
			);
			runOnlyForDeploymentPostprocessing = 0;
		};
		D1CCC5DD2695F29D006C1EFE /* Resources */ = {
			isa = PBXResourcesBuildPhase;
			buildActionMask = 2147483647;
			files = (
			);
			runOnlyForDeploymentPostprocessing = 0;
		};
/* End PBXResourcesBuildPhase section */

/* Begin PBXSourcesBuildPhase section */
		D1CCC5BF2695F29A006C1EFE /* Sources */ = {
			isa = PBXSourcesBuildPhase;
			buildActionMask = 2147483647;
			files = (
				D1CCC5C92695F29A006C1EFE /* ContentView.swift in Sources */,
				D1CCC5C72695F29A006C1EFE /* SignUpValidationCombineApp.swift in Sources */,
			);
			runOnlyForDeploymentPostprocessing = 0;
		};
		D1CCC5D02695F29D006C1EFE /* Sources */ = {
			isa = PBXSourcesBuildPhase;
			buildActionMask = 2147483647;
			files = (
				D1CCC5D92695F29D006C1EFE /* SignUpValidationCombineTests.swift in Sources */,
			);
			runOnlyForDeploymentPostprocessing = 0;
		};
		D1CCC5DB2695F29D006C1EFE /* Sources */ = {
			isa = PBXSourcesBuildPhase;
			buildActionMask = 2147483647;
			files = (
				D1CCC5E42695F29D006C1EFE /* SignUpValidationCombineUITests.swift in Sources */,
			);
			runOnlyForDeploymentPostprocessing = 0;
		};
/* End PBXSourcesBuildPhase section */

/* Begin PBXTargetDependency section */
		D1CCC5D62695F29D006C1EFE /* PBXTargetDependency */ = {
			isa = PBXTargetDependency;
			target = D1CCC5C22695F29A006C1EFE /* SignUpValidationCombine */;
			targetProxy = D1CCC5D52695F29D006C1EFE /* PBXContainerItemProxy */;
		};
		D1CCC5E12695F29D006C1EFE /* PBXTargetDependency */ = {
			isa = PBXTargetDependency;
			target = D1CCC5C22695F29A006C1EFE /* SignUpValidationCombine */;
			targetProxy = D1CCC5E02695F29D006C1EFE /* PBXContainerItemProxy */;
		};
/* End PBXTargetDependency section */

/* Begin XCBuildConfiguration section */
		D1CCC5E62695F29D006C1EFE /* Debug */ = {
			isa = XCBuildConfiguration;
			buildSettings = {
				ALWAYS_SEARCH_USER_PATHS = NO;
				CLANG_ANALYZER_NONNULL = YES;
				CLANG_ANALYZER_NUMBER_OBJECT_CONVERSION = YES_AGGRESSIVE;
				CLANG_CXX_LANGUAGE_STANDARD = "gnu++14";
				CLANG_CXX_LIBRARY = "libc++";
				CLANG_ENABLE_MODULES = YES;
				CLANG_ENABLE_OBJC_ARC = YES;
				CLANG_ENABLE_OBJC_WEAK = YES;
				CLANG_WARN_BLOCK_CAPTURE_AUTORELEASING = YES;
				CLANG_WARN_BOOL_CONVERSION = YES;
				CLANG_WARN_COMMA = YES;
				CLANG_WARN_CONSTANT_CONVERSION = YES;
				CLANG_WARN_DEPRECATED_OBJC_IMPLEMENTATIONS = YES;
				CLANG_WARN_DIRECT_OBJC_ISA_USAGE = YES_ERROR;
				CLANG_WARN_DOCUMENTATION_COMMENTS = YES;
				CLANG_WARN_EMPTY_BODY = YES;
				CLANG_WARN_ENUM_CONVERSION = YES;
				CLANG_WARN_INFINITE_RECURSION = YES;
				CLANG_WARN_INT_CONVERSION = YES;
				CLANG_WARN_NON_LITERAL_NULL_CONVERSION = YES;
				CLANG_WARN_OBJC_IMPLICIT_RETAIN_SELF = YES;
				CLANG_WARN_OBJC_LITERAL_CONVERSION = YES;
				CLANG_WARN_OBJC_ROOT_CLASS = YES_ERROR;
				CLANG_WARN_QUOTED_INCLUDE_IN_FRAMEWORK_HEADER = YES;
				CLANG_WARN_RANGE_LOOP_ANALYSIS = YES;
				CLANG_WARN_STRICT_PROTOTYPES = YES;
				CLANG_WARN_SUSPICIOUS_MOVE = YES;
				CLANG_WARN_UNGUARDED_AVAILABILITY = YES_AGGRESSIVE;
				CLANG_WARN_UNREACHABLE_CODE = YES;
				CLANG_WARN__DUPLICATE_METHOD_MATCH = YES;
				COPY_PHASE_STRIP = NO;
				DEBUG_INFORMATION_FORMAT = dwarf;
				ENABLE_STRICT_OBJC_MSGSEND = YES;
				ENABLE_TESTABILITY = YES;
				GCC_C_LANGUAGE_STANDARD = gnu11;
				GCC_DYNAMIC_NO_PIC = NO;
				GCC_NO_COMMON_BLOCKS = YES;
				GCC_OPTIMIZATION_LEVEL = 0;
				GCC_PREPROCESSOR_DEFINITIONS = (
					"DEBUG=1",
					"$(inherited)",
				);
				GCC_WARN_64_TO_32_BIT_CONVERSION = YES;
				GCC_WARN_ABOUT_RETURN_TYPE = YES_ERROR;
				GCC_WARN_UNDECLARED_SELECTOR = YES;
				GCC_WARN_UNINITIALIZED_AUTOS = YES_AGGRESSIVE;
				GCC_WARN_UNUSED_FUNCTION = YES;
				GCC_WARN_UNUSED_VARIABLE = YES;
				IPHONEOS_DEPLOYMENT_TARGET = 14.5;
				MTL_ENABLE_DEBUG_INFO = INCLUDE_SOURCE;
				MTL_FAST_MATH = YES;
				ONLY_ACTIVE_ARCH = YES;
				SDKROOT = iphoneos;
				SWIFT_ACTIVE_COMPILATION_CONDITIONS = DEBUG;
				SWIFT_OPTIMIZATION_LEVEL = "-Onone";
			};
			name = Debug;
		};
		D1CCC5E72695F29D006C1EFE /* Release */ = {
			isa = XCBuildConfiguration;
			buildSettings = {
				ALWAYS_SEARCH_USER_PATHS = NO;
				CLANG_ANALYZER_NONNULL = YES;
				CLANG_ANALYZER_NUMBER_OBJECT_CONVERSION = YES_AGGRESSIVE;
				CLANG_CXX_LANGUAGE_STANDARD = "gnu++14";
				CLANG_CXX_LIBRARY = "libc++";
				CLANG_ENABLE_MODULES = YES;
				CLANG_ENABLE_OBJC_ARC = YES;
				CLANG_ENABLE_OBJC_WEAK = YES;
				CLANG_WARN_BLOCK_CAPTURE_AUTORELEASING = YES;
				CLANG_WARN_BOOL_CONVERSION = YES;
				CLANG_WARN_COMMA = YES;
				CLANG_WARN_CONSTANT_CONVERSION = YES;
				CLANG_WARN_DEPRECATED_OBJC_IMPLEMENTATIONS = YES;
				CLANG_WARN_DIRECT_OBJC_ISA_USAGE = YES_ERROR;
				CLANG_WARN_DOCUMENTATION_COMMENTS = YES;
				CLANG_WARN_EMPTY_BODY = YES;
				CLANG_WARN_ENUM_CONVERSION = YES;
				CLANG_WARN_INFINITE_RECURSION = YES;
				CLANG_WARN_INT_CONVERSION = YES;
				CLANG_WARN_NON_LITERAL_NULL_CONVERSION = YES;
				CLANG_WARN_OBJC_IMPLICIT_RETAIN_SELF = YES;
				CLANG_WARN_OBJC_LITERAL_CONVERSION = YES;
				CLANG_WARN_OBJC_ROOT_CLASS = YES_ERROR;
				CLANG_WARN_QUOTED_INCLUDE_IN_FRAMEWORK_HEADER = YES;
				CLANG_WARN_RANGE_LOOP_ANALYSIS = YES;
				CLANG_WARN_STRICT_PROTOTYPES = YES;
				CLANG_WARN_SUSPICIOUS_MOVE = YES;
				CLANG_WARN_UNGUARDED_AVAILABILITY = YES_AGGRESSIVE;
				CLANG_WARN_UNREACHABLE_CODE = YES;
				CLANG_WARN__DUPLICATE_METHOD_MATCH = YES;
				COPY_PHASE_STRIP = NO;
				DEBUG_INFORMATION_FORMAT = "dwarf-with-dsym";
				ENABLE_NS_ASSERTIONS = NO;
				ENABLE_STRICT_OBJC_MSGSEND = YES;
				GCC_C_LANGUAGE_STANDARD = gnu11;
				GCC_NO_COMMON_BLOCKS = YES;
				GCC_WARN_64_TO_32_BIT_CONVERSION = YES;
				GCC_WARN_ABOUT_RETURN_TYPE = YES_ERROR;
				GCC_WARN_UNDECLARED_SELECTOR = YES;
				GCC_WARN_UNINITIALIZED_AUTOS = YES_AGGRESSIVE;
				GCC_WARN_UNUSED_FUNCTION = YES;
				GCC_WARN_UNUSED_VARIABLE = YES;
				IPHONEOS_DEPLOYMENT_TARGET = 14.5;
				MTL_ENABLE_DEBUG_INFO = NO;
				MTL_FAST_MATH = YES;
				SDKROOT = iphoneos;
				SWIFT_COMPILATION_MODE = wholemodule;
				SWIFT_OPTIMIZATION_LEVEL = "-O";
				VALIDATE_PRODUCT = YES;
			};
			name = Release;
		};
		D1CCC5E92695F29D006C1EFE /* Debug */ = {
			isa = XCBuildConfiguration;
			buildSettings = {
				ASSETCATALOG_COMPILER_APPICON_NAME = AppIcon;
				ASSETCATALOG_COMPILER_GLOBAL_ACCENT_COLOR_NAME = AccentColor;
				CODE_SIGN_STYLE = Automatic;
				DEVELOPMENT_ASSET_PATHS = "\"SignUpValidationCombine/Preview Content\"";
				DEVELOPMENT_TEAM = B8HL7RQ3GU;
				ENABLE_PREVIEWS = YES;
				INFOPLIST_FILE = SignUpValidationCombine/Info.plist;
				IPHONEOS_DEPLOYMENT_TARGET = 14.0;
				LD_RUNPATH_SEARCH_PATHS = (
					"$(inherited)",
					"@executable_path/Frameworks",
				);
				PRODUCT_BUNDLE_IDENTIFIER = shahirabdulsatar.SignUpValidationCombine;
				PRODUCT_NAME = "$(TARGET_NAME)";
				SWIFT_VERSION = 5.0;
				TARGETED_DEVICE_FAMILY = "1,2";
			};
			name = Debug;
		};
		D1CCC5EA2695F29D006C1EFE /* Release */ = {
			isa = XCBuildConfiguration;
			buildSettings = {
				ASSETCATALOG_COMPILER_APPICON_NAME = AppIcon;
				ASSETCATALOG_COMPILER_GLOBAL_ACCENT_COLOR_NAME = AccentColor;
				CODE_SIGN_STYLE = Automatic;
				DEVELOPMENT_ASSET_PATHS = "\"SignUpValidationCombine/Preview Content\"";
				DEVELOPMENT_TEAM = B8HL7RQ3GU;
				ENABLE_PREVIEWS = YES;
				INFOPLIST_FILE = SignUpValidationCombine/Info.plist;
				IPHONEOS_DEPLOYMENT_TARGET = 14.0;
				LD_RUNPATH_SEARCH_PATHS = (
					"$(inherited)",
					"@executable_path/Frameworks",
				);
				PRODUCT_BUNDLE_IDENTIFIER = shahirabdulsatar.SignUpValidationCombine;
				PRODUCT_NAME = "$(TARGET_NAME)";
				SWIFT_VERSION = 5.0;
				TARGETED_DEVICE_FAMILY = "1,2";
			};
			name = Release;
		};
		D1CCC5EC2695F29D006C1EFE /* Debug */ = {
			isa = XCBuildConfiguration;
			buildSettings = {
				ALWAYS_EMBED_SWIFT_STANDARD_LIBRARIES = YES;
				BUNDLE_LOADER = "$(TEST_HOST)";
				CODE_SIGN_STYLE = Automatic;
				DEVELOPMENT_TEAM = B8HL7RQ3GU;
				INFOPLIST_FILE = SignUpValidationCombineTests/Info.plist;
				IPHONEOS_DEPLOYMENT_TARGET = 14.0;
				LD_RUNPATH_SEARCH_PATHS = (
					"$(inherited)",
					"@executable_path/Frameworks",
					"@loader_path/Frameworks",
				);
				PRODUCT_BUNDLE_IDENTIFIER = shahirabdulsatar.SignUpValidationCombineTests;
				PRODUCT_NAME = "$(TARGET_NAME)";
				SWIFT_VERSION = 5.0;
				TARGETED_DEVICE_FAMILY = "1,2";
				TEST_HOST = "$(BUILT_PRODUCTS_DIR)/SignUpValidationCombine.app/SignUpValidationCombine";
			};
			name = Debug;
		};
		D1CCC5ED2695F29D006C1EFE /* Release */ = {
			isa = XCBuildConfiguration;
			buildSettings = {
				ALWAYS_EMBED_SWIFT_STANDARD_LIBRARIES = YES;
				BUNDLE_LOADER = "$(TEST_HOST)";
				CODE_SIGN_STYLE = Automatic;
				DEVELOPMENT_TEAM = B8HL7RQ3GU;
				INFOPLIST_FILE = SignUpValidationCombineTests/Info.plist;
				IPHONEOS_DEPLOYMENT_TARGET = 14.0;
				LD_RUNPATH_SEARCH_PATHS = (
					"$(inherited)",
					"@executable_path/Frameworks",
					"@loader_path/Frameworks",
				);
				PRODUCT_BUNDLE_IDENTIFIER = shahirabdulsatar.SignUpValidationCombineTests;
				PRODUCT_NAME = "$(TARGET_NAME)";
				SWIFT_VERSION = 5.0;
				TARGETED_DEVICE_FAMILY = "1,2";
				TEST_HOST = "$(BUILT_PRODUCTS_DIR)/SignUpValidationCombine.app/SignUpValidationCombine";
			};
			name = Release;
		};
		D1CCC5EF2695F29D006C1EFE /* Debug */ = {
			isa = XCBuildConfiguration;
			buildSettings = {
				ALWAYS_EMBED_SWIFT_STANDARD_LIBRARIES = YES;
				CODE_SIGN_STYLE = Automatic;
				DEVELOPMENT_TEAM = B8HL7RQ3GU;
				INFOPLIST_FILE = SignUpValidationCombineUITests/Info.plist;
				LD_RUNPATH_SEARCH_PATHS = (
					"$(inherited)",
					"@executable_path/Frameworks",
					"@loader_path/Frameworks",
				);
				PRODUCT_BUNDLE_IDENTIFIER = shahirabdulsatar.SignUpValidationCombineUITests;
				PRODUCT_NAME = "$(TARGET_NAME)";
				SWIFT_VERSION = 5.0;
				TARGETED_DEVICE_FAMILY = "1,2";
				TEST_TARGET_NAME = SignUpValidationCombine;
			};
			name = Debug;
		};
		D1CCC5F02695F29D006C1EFE /* Release */ = {
			isa = XCBuildConfiguration;
			buildSettings = {
				ALWAYS_EMBED_SWIFT_STANDARD_LIBRARIES = YES;
				CODE_SIGN_STYLE = Automatic;
				DEVELOPMENT_TEAM = B8HL7RQ3GU;
				INFOPLIST_FILE = SignUpValidationCombineUITests/Info.plist;
				LD_RUNPATH_SEARCH_PATHS = (
					"$(inherited)",
					"@executable_path/Frameworks",
					"@loader_path/Frameworks",
				);
				PRODUCT_BUNDLE_IDENTIFIER = shahirabdulsatar.SignUpValidationCombineUITests;
				PRODUCT_NAME = "$(TARGET_NAME)";
				SWIFT_VERSION = 5.0;
				TARGETED_DEVICE_FAMILY = "1,2";
				TEST_TARGET_NAME = SignUpValidationCombine;
			};
			name = Release;
		};
/* End XCBuildConfiguration section */

/* Begin XCConfigurationList section */
		D1CCC5BE2695F29A006C1EFE /* Build configuration list for PBXProject "SignUpValidationCombine" */ = {
			isa = XCConfigurationList;
			buildConfigurations = (
				D1CCC5E62695F29D006C1EFE /* Debug */,
				D1CCC5E72695F29D006C1EFE /* Release */,
			);
			defaultConfigurationIsVisible = 0;
			defaultConfigurationName = Release;
		};
		D1CCC5E82695F29D006C1EFE /* Build configuration list for PBXNativeTarget "SignUpValidationCombine" */ = {
			isa = XCConfigurationList;
			buildConfigurations = (
				D1CCC5E92695F29D006C1EFE /* Debug */,
				D1CCC5EA2695F29D006C1EFE /* Release */,
			);
			defaultConfigurationIsVisible = 0;
			defaultConfigurationName = Release;
		};
		D1CCC5EB2695F29D006C1EFE /* Build configuration list for PBXNativeTarget "SignUpValidationCombineTests" */ = {
			isa = XCConfigurationList;
			buildConfigurations = (
				D1CCC5EC2695F29D006C1EFE /* Debug */,
				D1CCC5ED2695F29D006C1EFE /* Release */,
			);
			defaultConfigurationIsVisible = 0;
			defaultConfigurationName = Release;
		};
		D1CCC5EE2695F29D006C1EFE /* Build configuration list for PBXNativeTarget "SignUpValidationCombineUITests" */ = {
			isa = XCConfigurationList;
			buildConfigurations = (
				D1CCC5EF2695F29D006C1EFE /* Debug */,
				D1CCC5F02695F29D006C1EFE /* Release */,
			);
			defaultConfigurationIsVisible = 0;
			defaultConfigurationName = Release;
		};
/* End XCConfigurationList section */
	};
	rootObject = D1CCC5BB2695F29A006C1EFE /* Project object */;
}
